github.com/caarlos0/env v3.5.0+incompatible h1:Yy0UN8o9Wtr/jGHZDpCBLpNrzcFLLM2yixi/rBrKyJs=
github.com/caarlos0/env v3.5.0+incompatible/go.mod h1:tdCsowwCzMLdkqRYDlHpZCp2UooDD3MspDBjZ2AD02Y=
github.com/evangwt/go-bufcopy v0.1.1 h1:dJDsc/n+rDQj1jEQueddij8Lok4XSy3jBEjCNztqdDE=
github.com/evangwt/go-bufcopy v0.1.1/go.mod h1:0rJeA3+mLjd/WmJmDjZdNU1dZZAxlzW2+VDgGrxFzL8=
github.com/evangwt/go-vncproxy v1.1.0 h1:F8ShIaLpYYCGa+drCNQ0POrYhgRsnTHBy+tknfI+Lxc=
github.com/evangwt/go-vncproxy v1.1.0/go.mod h1:HKiPKhuySwwsxeY5IokqQb+mWchqnJPOq/eJjzpL1fo=
github.com/gorilla/websocket v1.5.1 h1:gmztn0JnHVt9JZquRuzLw3g4wouNVzKL15iLr/zn/QY=
github.com/gorilla/websocket v1.5.1/go.mod h1:x3kM2JMyaluk02fnUJpQuwD2dCS5NDG2ZHL0uE0tcaY=
github.com/pkg/errors v0.9.1 h1:FEBLx1zS214owpjy7qsBeixbURkuhQAwrK5UwLGTwt4=
github.com/pkg/errors v0.9.1/go.mod h1:bwawxfHBFNV+L2hUp1rHADufV3IMtnDRdf1r5NINEl0=
github.com/ruzhila/websockify-go v0.0.0-20240506112532-c0fd2b22534b h1:F0xkLhUUnF1W7ZJ/dB+VbJXwIUhQRE/Qy+x1R/6CXaY=
github.com/ruzhila/websockify-go v0.0.0-20240506112532-c0fd2b22534b/go.mod h1:ffVw97kOLIT3+eMBy/oCTBq84EhTGkjCTPa1ysCpcNo=
golang.org/x/crypto v0.0.0-20190308221718-c2843e01d9a2/go.mod h1:djNgcEr1/C05ACkg1iLfiJU5Ep61QUkGW8qpdssI0+w=
golang.org/x/net v0.0.0-20200301022130-244492dfa37a h1:GuSPYbZzB5/dcLNCwLQLsg3obCJtX9IJhpXkvY7kzk0=
golang.org/x/net v0.0.0-20200301022130-244492dfa37a/go.mod h1:z5CRVTTTmAJ677TzLLGU+0bjPO0LkuOLi4/5GtJWs/s=
golang.org/x/net v0.17.0 h1:pVaXccu2ozPjCXewfr1S7xza/zcXTity9cCdXQYSjIM=
golang.org/x/net v0.17.0/go.mod h1:NxSsAGuq816PNPmqtQdLE42eU2Fs7NoRIZrHJAlaCOE=
golang.org/x/sys v0.0.0-20190215142949-d0b11bdaac8a/go.mod h1:STP8DvDyc/dI5b8T5hshtkjS+E42TnysNCUPdjciGhY=
golang.org/x/text v0.3.0/go.mod h1:NqM8EUOU14njkJ3fqMW+pc6Ldnwhi/IjpwHt7yyuwOQ=
